// !$*UTF8*$!
{
	archiveVersion = 1;
	classes = {
	};
	objectVersion = 50;
	objects = {

/* Begin PBXBuildFile section */
		024E14D42679303D00F2BF46 /* BackgroundImageView.swift in Sources */ = {isa = PBXBuildFile; fileRef = 024E14D32679303D00F2BF46 /* BackgroundImageView.swift */; };
		024E14D62679310900F2BF46 /* NewTaskItemView.swift in Sources */ = {isa = PBXBuildFile; fileRef = 024E14D52679310900F2BF46 /* NewTaskItemView.swift */; };
		024E14D8267933B600F2BF46 /* BlankView.swift in Sources */ = {isa = PBXBuildFile; fileRef = 024E14D7267933B600F2BF46 /* BlankView.swift */; };
		024E14DA267938EC00F2BF46 /* ListRowItemView.swift in Sources */ = {isa = PBXBuildFile; fileRef = 024E14D9267938EC00F2BF46 /* ListRowItemView.swift */; };
		024E14DC26793A9700F2BF46 /* CheckboxStyle.swift in Sources */ = {isa = PBXBuildFile; fileRef = 024E14DB26793A9700F2BF46 /* CheckboxStyle.swift */; };
		024E14DE26793F9700F2BF46 /* SoundPlayer.swift in Sources */ = {isa = PBXBuildFile; fileRef = 024E14DD26793F9700F2BF46 /* SoundPlayer.swift */; };
		02579F1F2678D297009B8078 /* DevoteApp.swift in Sources */ = {isa = PBXBuildFile; fileRef = 02579F1E2678D297009B8078 /* DevoteApp.swift */; };
		02579F212678D297009B8078 /* ContentView.swift in Sources */ = {isa = PBXBuildFile; fileRef = 02579F202678D297009B8078 /* ContentView.swift */; };
		02579F232678D298009B8078 /* Assets.xcassets in Resources */ = {isa = PBXBuildFile; fileRef = 02579F222678D298009B8078 /* Assets.xcassets */; };
		02579F262678D298009B8078 /* Preview Assets.xcassets in Resources */ = {isa = PBXBuildFile; fileRef = 02579F252678D298009B8078 /* Preview Assets.xcassets */; };
		02579F282678D298009B8078 /* Persistence.swift in Sources */ = {isa = PBXBuildFile; fileRef = 02579F272678D298009B8078 /* Persistence.swift */; };
		02579F2B2678D298009B8078 /* Devote.xcdatamodeld in Sources */ = {isa = PBXBuildFile; fileRef = 02579F292678D298009B8078 /* Devote.xcdatamodeld */; };
		02579F352678D579009B8078 /* sound-rise.mp3 in Resources */ = {isa = PBXBuildFile; fileRef = 02579F322678D579009B8078 /* sound-rise.mp3 */; };
		02579F362678D579009B8078 /* sound-tap.mp3 in Resources */ = {isa = PBXBuildFile; fileRef = 02579F332678D579009B8078 /* sound-tap.mp3 */; };
		02579F372678D579009B8078 /* sound-ding.mp3 in Resources */ = {isa = PBXBuildFile; fileRef = 02579F342678D579009B8078 /* sound-ding.mp3 */; };
		02579F432678DD28009B8078 /* Constant.swift in Sources */ = {isa = PBXBuildFile; fileRef = 02579F422678DD28009B8078 /* Constant.swift */; };
		02579F45267908B1009B8078 /* HideKeyboardExtension.swift in Sources */ = {isa = PBXBuildFile; fileRef = 02579F44267908B1009B8078 /* HideKeyboardExtension.swift */; };
		026A0ED9267A0F900037A952 /* WidgetKit.framework in Frameworks */ = {isa = PBXBuildFile; fileRef = 026A0ED8267A0F900037A952 /* WidgetKit.framework */; };
		026A0EDB267A0F900037A952 /* SwiftUI.framework in Frameworks */ = {isa = PBXBuildFile; fileRef = 026A0EDA267A0F900037A952 /* SwiftUI.framework */; };
		026A0EDE267A0F900037A952 /* DevoteWidget.swift in Sources */ = {isa = PBXBuildFile; fileRef = 026A0EDD267A0F900037A952 /* DevoteWidget.swift */; };
		026A0EE0267A0F910037A952 /* Assets.xcassets in Resources */ = {isa = PBXBuildFile; fileRef = 026A0EDF267A0F910037A952 /* Assets.xcassets */; };
		026A0EE4267A0F910037A952 /* DevoteWidgetExtension.appex in Embed App Extensions */ = {isa = PBXBuildFile; fileRef = 026A0ED6267A0F900037A952 /* DevoteWidgetExtension.appex */; settings = {ATTRIBUTES = (RemoveHeadersOnCopy, ); }; };
		02F94646267A3D0100CB5DD2 /* Assets.xcassets in Resources */ = {isa = PBXBuildFile; fileRef = 02579F222678D298009B8078 /* Assets.xcassets */; };
		02F94647267A3D7600CB5DD2 /* Constant.swift in Sources */ = {isa = PBXBuildFile; fileRef = 02579F422678DD28009B8078 /* Constant.swift */; };
/* End PBXBuildFile section */

/* Begin PBXContainerItemProxy section */
		026A0EE2267A0F910037A952 /* PBXContainerItemProxy */ = {
			isa = PBXContainerItemProxy;
			containerPortal = 02579F132678D297009B8078 /* Project object */;
			proxyType = 1;
			remoteGlobalIDString = 026A0ED5267A0F900037A952;
			remoteInfo = DevoteWidgetExtension;
		};
/* End PBXContainerItemProxy section */

/* Begin PBXCopyFilesBuildPhase section */
		026A0EE5267A0F910037A952 /* Embed App Extensions */ = {
			isa = PBXCopyFilesBuildPhase;
			buildActionMask = 2147483647;
			dstPath = "";
			dstSubfolderSpec = 13;
			files = (
				026A0EE4267A0F910037A952 /* DevoteWidgetExtension.appex in Embed App Extensions */,
			);
			name = "Embed App Extensions";
			runOnlyForDeploymentPostprocessing = 0;
		};
/* End PBXCopyFilesBuildPhase section */

/* Begin PBXFileReference section */
		024E14D32679303D00F2BF46 /* BackgroundImageView.swift */ = {isa = PBXFileReference; lastKnownFileType = sourcecode.swift; path = BackgroundImageView.swift; sourceTree = "<group>"; };
		024E14D52679310900F2BF46 /* NewTaskItemView.swift */ = {isa = PBXFileReference; lastKnownFileType = sourcecode.swift; path = NewTaskItemView.swift; sourceTree = "<group>"; };
		024E14D7267933B600F2BF46 /* BlankView.swift */ = {isa = PBXFileReference; lastKnownFileType = sourcecode.swift; path = BlankView.swift; sourceTree = "<group>"; };
		024E14D9267938EC00F2BF46 /* ListRowItemView.swift */ = {isa = PBXFileReference; lastKnownFileType = sourcecode.swift; path = ListRowItemView.swift; sourceTree = "<group>"; };
		024E14DB26793A9700F2BF46 /* CheckboxStyle.swift */ = {isa = PBXFileReference; lastKnownFileType = sourcecode.swift; path = CheckboxStyle.swift; sourceTree = "<group>"; };
		024E14DD26793F9700F2BF46 /* SoundPlayer.swift */ = {isa = PBXFileReference; lastKnownFileType = sourcecode.swift; path = SoundPlayer.swift; sourceTree = "<group>"; };
		02579F1B2678D297009B8078 /* Devote.app */ = {isa = PBXFileReference; explicitFileType = wrapper.application; includeInIndex = 0; path = Devote.app; sourceTree = BUILT_PRODUCTS_DIR; };
		02579F1E2678D297009B8078 /* DevoteApp.swift */ = {isa = PBXFileReference; lastKnownFileType = sourcecode.swift; path = DevoteApp.swift; sourceTree = "<group>"; };
		02579F202678D297009B8078 /* ContentView.swift */ = {isa = PBXFileReference; lastKnownFileType = sourcecode.swift; path = ContentView.swift; sourceTree = "<group>"; };
		02579F222678D298009B8078 /* Assets.xcassets */ = {isa = PBXFileReference; lastKnownFileType = folder.assetcatalog; path = Assets.xcassets; sourceTree = "<group>"; };
		02579F252678D298009B8078 /* Preview Assets.xcassets */ = {isa = PBXFileReference; lastKnownFileType = folder.assetcatalog; path = "Preview Assets.xcassets"; sourceTree = "<group>"; };
		02579F272678D298009B8078 /* Persistence.swift */ = {isa = PBXFileReference; lastKnownFileType = sourcecode.swift; path = Persistence.swift; sourceTree = "<group>"; };
		02579F2A2678D298009B8078 /* Devote.xcdatamodel */ = {isa = PBXFileReference; lastKnownFileType = wrapper.xcdatamodel; path = Devote.xcdatamodel; sourceTree = "<group>"; };
		02579F2C2678D298009B8078 /* Info.plist */ = {isa = PBXFileReference; lastKnownFileType = text.plist.xml; path = Info.plist; sourceTree = "<group>"; };
		02579F322678D579009B8078 /* sound-rise.mp3 */ = {isa = PBXFileReference; lastKnownFileType = audio.mp3; path = "sound-rise.mp3"; sourceTree = "<group>"; };
		02579F332678D579009B8078 /* sound-tap.mp3 */ = {isa = PBXFileReference; lastKnownFileType = audio.mp3; path = "sound-tap.mp3"; sourceTree = "<group>"; };
		02579F342678D579009B8078 /* sound-ding.mp3 */ = {isa = PBXFileReference; lastKnownFileType = audio.mp3; path = "sound-ding.mp3"; sourceTree = "<group>"; };
		02579F422678DD28009B8078 /* Constant.swift */ = {isa = PBXFileReference; lastKnownFileType = sourcecode.swift; path = Constant.swift; sourceTree = "<group>"; };
		02579F44267908B1009B8078 /* HideKeyboardExtension.swift */ = {isa = PBXFileReference; lastKnownFileType = sourcecode.swift; path = HideKeyboardExtension.swift; sourceTree = "<group>"; };
		026A0ED6267A0F900037A952 /* DevoteWidgetExtension.appex */ = {isa = PBXFileReference; explicitFileType = "wrapper.app-extension"; includeInIndex = 0; path = DevoteWidgetExtension.appex; sourceTree = BUILT_PRODUCTS_DIR; };
		026A0ED8267A0F900037A952 /* WidgetKit.framework */ = {isa = PBXFileReference; lastKnownFileType = wrapper.framework; name = WidgetKit.framework; path = System/Library/Frameworks/WidgetKit.framework; sourceTree = SDKROOT; };
		026A0EDA267A0F900037A952 /* SwiftUI.framework */ = {isa = PBXFileReference; lastKnownFileType = wrapper.framework; name = SwiftUI.framework; path = System/Library/Frameworks/SwiftUI.framework; sourceTree = SDKROOT; };
		026A0EDD267A0F900037A952 /* DevoteWidget.swift */ = {isa = PBXFileReference; lastKnownFileType = sourcecode.swift; path = DevoteWidget.swift; sourceTree = "<group>"; };
		026A0EDF267A0F910037A952 /* Assets.xcassets */ = {isa = PBXFileReference; lastKnownFileType = folder.assetcatalog; path = Assets.xcassets; sourceTree = "<group>"; };
		026A0EE1267A0F910037A952 /* Info.plist */ = {isa = PBXFileReference; lastKnownFileType = text.plist.xml; path = Info.plist; sourceTree = "<group>"; };
/* End PBXFileReference section */

/* Begin PBXFrameworksBuildPhase section */
		02579F182678D297009B8078 /* Frameworks */ = {
			isa = PBXFrameworksBuildPhase;
			buildActionMask = 2147483647;
			files = (
			);
			runOnlyForDeploymentPostprocessing = 0;
		};
		026A0ED3267A0F900037A952 /* Frameworks */ = {
			isa = PBXFrameworksBuildPhase;
			buildActionMask = 2147483647;
			files = (
				026A0EDB267A0F900037A952 /* SwiftUI.framework in Frameworks */,
				026A0ED9267A0F900037A952 /* WidgetKit.framework in Frameworks */,
			);
			runOnlyForDeploymentPostprocessing = 0;
		};
/* End PBXFrameworksBuildPhase section */

/* Begin PBXGroup section */
		02579F122678D297009B8078 = {
			isa = PBXGroup;
			children = (
				02579F1D2678D297009B8078 /* Devote */,
				026A0EDC267A0F900037A952 /* DevoteWidget */,
				026A0ED7267A0F900037A952 /* Frameworks */,
				02579F1C2678D297009B8078 /* Products */,
			);
			sourceTree = "<group>";
		};
		02579F1C2678D297009B8078 /* Products */ = {
			isa = PBXGroup;
			children = (
				02579F1B2678D297009B8078 /* Devote.app */,
				026A0ED6267A0F900037A952 /* DevoteWidgetExtension.appex */,
			);
			name = Products;
			sourceTree = "<group>";
		};
		02579F1D2678D297009B8078 /* Devote */ = {
			isa = PBXGroup;
			children = (
				02579F3C2678D5C9009B8078 /* Style */,
				02579F3B2678D5C2009B8078 /* Utility */,
				02579F3A2678D5BD009B8078 /* Extension */,
				02579F392678D5AE009B8078 /* View */,
				02579F382678D59E009B8078 /* Sound */,
				02579F1E2678D297009B8078 /* DevoteApp.swift */,
				02579F222678D298009B8078 /* Assets.xcassets */,
				02579F3D2678D5DD009B8078 /* Model */,
				02579F2C2678D298009B8078 /* Info.plist */,
				02579F242678D298009B8078 /* Preview Content */,
			);
			path = Devote;
			sourceTree = "<group>";
		};
		02579F242678D298009B8078 /* Preview Content */ = {
			isa = PBXGroup;
			children = (
				02579F252678D298009B8078 /* Preview Assets.xcassets */,
			);
			path = "Preview Content";
			sourceTree = "<group>";
		};
		02579F382678D59E009B8078 /* Sound */ = {
			isa = PBXGroup;
			children = (
				02579F342678D579009B8078 /* sound-ding.mp3 */,
				02579F322678D579009B8078 /* sound-rise.mp3 */,
				02579F332678D579009B8078 /* sound-tap.mp3 */,
			);
			path = Sound;
			sourceTree = "<group>";
		};
		02579F392678D5AE009B8078 /* View */ = {
			isa = PBXGroup;
			children = (
				02579F202678D297009B8078 /* ContentView.swift */,
				024E14D32679303D00F2BF46 /* BackgroundImageView.swift */,
				024E14D52679310900F2BF46 /* NewTaskItemView.swift */,
				024E14D7267933B600F2BF46 /* BlankView.swift */,
				024E14D9267938EC00F2BF46 /* ListRowItemView.swift */,
			);
			path = View;
			sourceTree = "<group>";
		};
		02579F3A2678D5BD009B8078 /* Extension */ = {
			isa = PBXGroup;
			children = (
				02579F44267908B1009B8078 /* HideKeyboardExtension.swift */,
			);
			path = Extension;
			sourceTree = "<group>";
		};
		02579F3B2678D5C2009B8078 /* Utility */ = {
			isa = PBXGroup;
			children = (
				02579F422678DD28009B8078 /* Constant.swift */,
				024E14DD26793F9700F2BF46 /* SoundPlayer.swift */,
			);
			path = Utility;
			sourceTree = "<group>";
		};
		02579F3C2678D5C9009B8078 /* Style */ = {
			isa = PBXGroup;
			children = (
				024E14DB26793A9700F2BF46 /* CheckboxStyle.swift */,
			);
			path = Style;
			sourceTree = "<group>";
		};
		02579F3D2678D5DD009B8078 /* Model */ = {
			isa = PBXGroup;
			children = (
				02579F272678D298009B8078 /* Persistence.swift */,
				02579F292678D298009B8078 /* Devote.xcdatamodeld */,
			);
			path = Model;
			sourceTree = "<group>";
		};
		026A0ED7267A0F900037A952 /* Frameworks */ = {
			isa = PBXGroup;
			children = (
				026A0ED8267A0F900037A952 /* WidgetKit.framework */,
				026A0EDA267A0F900037A952 /* SwiftUI.framework */,
			);
			name = Frameworks;
			sourceTree = "<group>";
		};
		026A0EDC267A0F900037A952 /* DevoteWidget */ = {
			isa = PBXGroup;
			children = (
				026A0EDD267A0F900037A952 /* DevoteWidget.swift */,
				026A0EDF267A0F910037A952 /* Assets.xcassets */,
				026A0EE1267A0F910037A952 /* Info.plist */,
			);
			path = DevoteWidget;
			sourceTree = "<group>";
		};
/* End PBXGroup section */

/* Begin PBXNativeTarget section */
		02579F1A2678D297009B8078 /* Devote */ = {
			isa = PBXNativeTarget;
			buildConfigurationList = 02579F2F2678D298009B8078 /* Build configuration list for PBXNativeTarget "Devote" */;
			buildPhases = (
				02579F172678D297009B8078 /* Sources */,
				02579F182678D297009B8078 /* Frameworks */,
				02579F192678D297009B8078 /* Resources */,
				026A0EE5267A0F910037A952 /* Embed App Extensions */,
			);
			buildRules = (
			);
			dependencies = (
				026A0EE3267A0F910037A952 /* PBXTargetDependency */,
			);
			name = Devote;
			productName = Devote;
			productReference = 02579F1B2678D297009B8078 /* Devote.app */;
			productType = "com.apple.product-type.application";
		};
		026A0ED5267A0F900037A952 /* DevoteWidgetExtension */ = {
			isa = PBXNativeTarget;
			buildConfigurationList = 026A0EE8267A0F910037A952 /* Build configuration list for PBXNativeTarget "DevoteWidgetExtension" */;
			buildPhases = (
				026A0ED2267A0F900037A952 /* Sources */,
				026A0ED3267A0F900037A952 /* Frameworks */,
				026A0ED4267A0F900037A952 /* Resources */,
			);
			buildRules = (
			);
			dependencies = (
			);
			name = DevoteWidgetExtension;
			productName = DevoteWidgetExtension;
			productReference = 026A0ED6267A0F900037A952 /* DevoteWidgetExtension.appex */;
			productType = "com.apple.product-type.app-extension";
		};
/* End PBXNativeTarget section */

/* Begin PBXProject section */
		02579F132678D297009B8078 /* Project object */ = {
			isa = PBXProject;
			attributes = {
				LastSwiftUpdateCheck = 1250;
				LastUpgradeCheck = 1250;
				TargetAttributes = {
					02579F1A2678D297009B8078 = {
						CreatedOnToolsVersion = 12.5;
					};
					026A0ED5267A0F900037A952 = {
						CreatedOnToolsVersion = 12.5;
					};
				};
			};
			buildConfigurationList = 02579F162678D297009B8078 /* Build configuration list for PBXProject "Devote" */;
			compatibilityVersion = "Xcode 9.3";
			developmentRegion = en;
			hasScannedForEncodings = 0;
			knownRegions = (
				en,
				Base,
			);
			mainGroup = 02579F122678D297009B8078;
			productRefGroup = 02579F1C2678D297009B8078 /* Products */;
			projectDirPath = "";
			projectRoot = "";
			targets = (
				02579F1A2678D297009B8078 /* Devote */,
				026A0ED5267A0F900037A952 /* DevoteWidgetExtension */,
			);
		};
/* End PBXProject section */

/* Begin PBXResourcesBuildPhase section */
		02579F192678D297009B8078 /* Resources */ = {
			isa = PBXResourcesBuildPhase;
			buildActionMask = 2147483647;
			files = (
				02579F372678D579009B8078 /* sound-ding.mp3 in Resources */,
				02579F352678D579009B8078 /* sound-rise.mp3 in Resources */,
				02579F262678D298009B8078 /* Preview Assets.xcassets in Resources */,
				02579F362678D579009B8078 /* sound-tap.mp3 in Resources */,
				02579F232678D298009B8078 /* Assets.xcassets in Resources */,
			);
			runOnlyForDeploymentPostprocessing = 0;
		};
		026A0ED4267A0F900037A952 /* Resources */ = {
			isa = PBXResourcesBuildPhase;
			buildActionMask = 2147483647;
			files = (
				02F94646267A3D0100CB5DD2 /* Assets.xcassets in Resources */,
				026A0EE0267A0F910037A952 /* Assets.xcassets in Resources */,
			);
			runOnlyForDeploymentPostprocessing = 0;
		};
/* End PBXResourcesBuildPhase section */

/* Begin PBXSourcesBuildPhase section */
		02579F172678D297009B8078 /* Sources */ = {
			isa = PBXSourcesBuildPhase;
			buildActionMask = 2147483647;
			files = (
				02579F282678D298009B8078 /* Persistence.swift in Sources */,
				024E14D42679303D00F2BF46 /* BackgroundImageView.swift in Sources */,
				02579F212678D297009B8078 /* ContentView.swift in Sources */,
				02579F45267908B1009B8078 /* HideKeyboardExtension.swift in Sources */,
				024E14D8267933B600F2BF46 /* BlankView.swift in Sources */,
				02579F432678DD28009B8078 /* Constant.swift in Sources */,
				024E14DA267938EC00F2BF46 /* ListRowItemView.swift in Sources */,
				02579F2B2678D298009B8078 /* Devote.xcdatamodeld in Sources */,
				02579F1F2678D297009B8078 /* DevoteApp.swift in Sources */,
				024E14DC26793A9700F2BF46 /* CheckboxStyle.swift in Sources */,
				024E14DE26793F9700F2BF46 /* SoundPlayer.swift in Sources */,
				024E14D62679310900F2BF46 /* NewTaskItemView.swift in Sources */,
			);
			runOnlyForDeploymentPostprocessing = 0;
		};
		026A0ED2267A0F900037A952 /* Sources */ = {
			isa = PBXSourcesBuildPhase;
			buildActionMask = 2147483647;
			files = (
				026A0EDE267A0F900037A952 /* DevoteWidget.swift in Sources */,
				02F94647267A3D7600CB5DD2 /* Constant.swift in Sources */,
			);
			runOnlyForDeploymentPostprocessing = 0;
		};
/* End PBXSourcesBuildPhase section */

/* Begin PBXTargetDependency section */
		026A0EE3267A0F910037A952 /* PBXTargetDependency */ = {
			isa = PBXTargetDependency;
			target = 026A0ED5267A0F900037A952 /* DevoteWidgetExtension */;
			targetProxy = 026A0EE2267A0F910037A952 /* PBXContainerItemProxy */;
		};
/* End PBXTargetDependency section */

/* Begin XCBuildConfiguration section */
		02579F2D2678D298009B8078 /* Debug */ = {
			isa = XCBuildConfiguration;
			buildSettings = {
				ALWAYS_SEARCH_USER_PATHS = NO;
				CLANG_ANALYZER_NONNULL = YES;
				CLANG_ANALYZER_NUMBER_OBJECT_CONVERSION = YES_AGGRESSIVE;
				CLANG_CXX_LANGUAGE_STANDARD = "gnu++14";
				CLANG_CXX_LIBRARY = "libc++";
				CLANG_ENABLE_MODULES = YES;
				CLANG_ENABLE_OBJC_ARC = YES;
				CLANG_ENABLE_OBJC_WEAK = YES;
				CLANG_WARN_BLOCK_CAPTURE_AUTORELEASING = YES;
				CLANG_WARN_BOOL_CONVERSION = YES;
				CLANG_WARN_COMMA = YES;
				CLANG_WARN_CONSTANT_CONVERSION = YES;
				CLANG_WARN_DEPRECATED_OBJC_IMPLEMENTATIONS = YES;
				CLANG_WARN_DIRECT_OBJC_ISA_USAGE = YES_ERROR;
				CLANG_WARN_DOCUMENTATION_COMMENTS = YES;
				CLANG_WARN_EMPTY_BODY = YES;
				CLANG_WARN_ENUM_CONVERSION = YES;
				CLANG_WARN_INFINITE_RECURSION = YES;
				CLANG_WARN_INT_CONVERSION = YES;
				CLANG_WARN_NON_LITERAL_NULL_CONVERSION = YES;
				CLANG_WARN_OBJC_IMPLICIT_RETAIN_SELF = YES;
				CLANG_WARN_OBJC_LITERAL_CONVERSION = YES;
				CLANG_WARN_OBJC_ROOT_CLASS = YES_ERROR;
				CLANG_WARN_QUOTED_INCLUDE_IN_FRAMEWORK_HEADER = YES;
				CLANG_WARN_RANGE_LOOP_ANALYSIS = YES;
				CLANG_WARN_STRICT_PROTOTYPES = YES;
				CLANG_WARN_SUSPICIOUS_MOVE = YES;
				CLANG_WARN_UNGUARDED_AVAILABILITY = YES_AGGRESSIVE;
				CLANG_WARN_UNREACHABLE_CODE = YES;
				CLANG_WARN__DUPLICATE_METHOD_MATCH = YES;
				COPY_PHASE_STRIP = NO;
				DEBUG_INFORMATION_FORMAT = dwarf;
				ENABLE_STRICT_OBJC_MSGSEND = YES;
				ENABLE_TESTABILITY = YES;
				GCC_C_LANGUAGE_STANDARD = gnu11;
				GCC_DYNAMIC_NO_PIC = NO;
				GCC_NO_COMMON_BLOCKS = YES;
				GCC_OPTIMIZATION_LEVEL = 0;
				GCC_PREPROCESSOR_DEFINITIONS = (
					"DEBUG=1",
					"$(inherited)",
				);
				GCC_WARN_64_TO_32_BIT_CONVERSION = YES;
				GCC_WARN_ABOUT_RETURN_TYPE = YES_ERROR;
				GCC_WARN_UNDECLARED_SELECTOR = YES;
				GCC_WARN_UNINITIALIZED_AUTOS = YES_AGGRESSIVE;
				GCC_WARN_UNUSED_FUNCTION = YES;
				GCC_WARN_UNUSED_VARIABLE = YES;
				IPHONEOS_DEPLOYMENT_TARGET = 14.5;
				MTL_ENABLE_DEBUG_INFO = INCLUDE_SOURCE;
				MTL_FAST_MATH = YES;
				ONLY_ACTIVE_ARCH = YES;
				SDKROOT = iphoneos;
				SWIFT_ACTIVE_COMPILATION_CONDITIONS = DEBUG;
				SWIFT_OPTIMIZATION_LEVEL = "-Onone";
			};
			name = Debug;
		};
		02579F2E2678D298009B8078 /* Release */ = {
			isa = XCBuildConfiguration;
			buildSettings = {
				ALWAYS_SEARCH_USER_PATHS = NO;
				CLANG_ANALYZER_NONNULL = YES;
				CLANG_ANALYZER_NUMBER_OBJECT_CONVERSION = YES_AGGRESSIVE;
				CLANG_CXX_LANGUAGE_STANDARD = "gnu++14";
				CLANG_CXX_LIBRARY = "libc++";
				CLANG_ENABLE_MODULES = YES;
				CLANG_ENABLE_OBJC_ARC = YES;
				CLANG_ENABLE_OBJC_WEAK = YES;
				CLANG_WARN_BLOCK_CAPTURE_AUTORELEASING = YES;
				CLANG_WARN_BOOL_CONVERSION = YES;
				CLANG_WARN_COMMA = YES;
				CLANG_WARN_CONSTANT_CONVERSION = YES;
				CLANG_WARN_DEPRECATED_OBJC_IMPLEMENTATIONS = YES;
				CLANG_WARN_DIRECT_OBJC_ISA_USAGE = YES_ERROR;
				CLANG_WARN_DOCUMENTATION_COMMENTS = YES;
				CLANG_WARN_EMPTY_BODY = YES;
				CLANG_WARN_ENUM_CONVERSION = YES;
				CLANG_WARN_INFINITE_RECURSION = YES;
				CLANG_WARN_INT_CONVERSION = YES;
				CLANG_WARN_NON_LITERAL_NULL_CONVERSION = YES;
				CLANG_WARN_OBJC_IMPLICIT_RETAIN_SELF = YES;
				CLANG_WARN_OBJC_LITERAL_CONVERSION = YES;
				CLANG_WARN_OBJC_ROOT_CLASS = YES_ERROR;
				CLANG_WARN_QUOTED_INCLUDE_IN_FRAMEWORK_HEADER = YES;
				CLANG_WARN_RANGE_LOOP_ANALYSIS = YES;
				CLANG_WARN_STRICT_PROTOTYPES = YES;
				CLANG_WARN_SUSPICIOUS_MOVE = YES;
				CLANG_WARN_UNGUARDED_AVAILABILITY = YES_AGGRESSIVE;
				CLANG_WARN_UNREACHABLE_CODE = YES;
				CLANG_WARN__DUPLICATE_METHOD_MATCH = YES;
				COPY_PHASE_STRIP = NO;
				DEBUG_INFORMATION_FORMAT = "dwarf-with-dsym";
				ENABLE_NS_ASSERTIONS = NO;
				ENABLE_STRICT_OBJC_MSGSEND = YES;
				GCC_C_LANGUAGE_STANDARD = gnu11;
				GCC_NO_COMMON_BLOCKS = YES;
				GCC_WARN_64_TO_32_BIT_CONVERSION = YES;
				GCC_WARN_ABOUT_RETURN_TYPE = YES_ERROR;
				GCC_WARN_UNDECLARED_SELECTOR = YES;
				GCC_WARN_UNINITIALIZED_AUTOS = YES_AGGRESSIVE;
				GCC_WARN_UNUSED_FUNCTION = YES;
				GCC_WARN_UNUSED_VARIABLE = YES;
				IPHONEOS_DEPLOYMENT_TARGET = 14.5;
				MTL_ENABLE_DEBUG_INFO = NO;
				MTL_FAST_MATH = YES;
				SDKROOT = iphoneos;
				SWIFT_COMPILATION_MODE = wholemodule;
				SWIFT_OPTIMIZATION_LEVEL = "-O";
				VALIDATE_PRODUCT = YES;
			};
			name = Release;
		};
		02579F302678D298009B8078 /* Debug */ = {
			isa = XCBuildConfiguration;
			buildSettings = {
				ALWAYS_EMBED_SWIFT_STANDARD_LIBRARIES = YES;
				ASSETCATALOG_COMPILER_APPICON_NAME = AppIcon;
				ASSETCATALOG_COMPILER_GLOBAL_ACCENT_COLOR_NAME = AccentColor;
				CODE_SIGN_STYLE = Automatic;
				DEVELOPMENT_ASSET_PATHS = "\"Devote/Preview Content\"";
				ENABLE_PREVIEWS = YES;
				INFOPLIST_FILE = Devote/Info.plist;
				IPHONEOS_DEPLOYMENT_TARGET = 14.0;
				LD_RUNPATH_SEARCH_PATHS = (
					"$(inherited)",
					"@executable_path/Frameworks",
				);
				PRODUCT_BUNDLE_IDENTIFIER = com.ranjanakarsh.Devote;
				PRODUCT_NAME = "$(TARGET_NAME)";
				SWIFT_VERSION = 5.0;
				TARGETED_DEVICE_FAMILY = "1,2";
			};
			name = Debug;
		};
		02579F312678D298009B8078 /* Release */ = {
			isa = XCBuildConfiguration;
			buildSettings = {
				ALWAYS_EMBED_SWIFT_STANDARD_LIBRARIES = YES;
				ASSETCATALOG_COMPILER_APPICON_NAME = AppIcon;
				ASSETCATALOG_COMPILER_GLOBAL_ACCENT_COLOR_NAME = AccentColor;
				CODE_SIGN_STYLE = Automatic;
				DEVELOPMENT_ASSET_PATHS = "\"Devote/Preview Content\"";
				ENABLE_PREVIEWS = YES;
				INFOPLIST_FILE = Devote/Info.plist;
				IPHONEOS_DEPLOYMENT_TARGET = 14.0;
				LD_RUNPATH_SEARCH_PATHS = (
					"$(inherited)",
					"@executable_path/Frameworks",
				);
				PRODUCT_BUNDLE_IDENTIFIER = com.ranjanakarsh.Devote;
				PRODUCT_NAME = "$(TARGET_NAME)";
				SWIFT_VERSION = 5.0;
				TARGETED_DEVICE_FAMILY = "1,2";
			};
			name = Release;
		};
		026A0EE6267A0F910037A952 /* Debug */ = {
			isa = XCBuildConfiguration;
			buildSettings = {
				ASSETCATALOG_COMPILER_GLOBAL_ACCENT_COLOR_NAME = AccentColor;
				ASSETCATALOG_COMPILER_WIDGET_BACKGROUND_COLOR_NAME = WidgetBackground;
				CODE_SIGN_STYLE = Automatic;
				INFOPLIST_FILE = DevoteWidget/Info.plist;
				LD_RUNPATH_SEARCH_PATHS = (
					"$(inherited)",
					"@executable_path/Frameworks",
					"@executable_path/../../Frameworks",
				);
				PRODUCT_BUNDLE_IDENTIFIER = com.ranjanakarsh.Devote.DevoteWidget;
				PRODUCT_NAME = "$(TARGET_NAME)";
				SKIP_INSTALL = YES;
				SWIFT_VERSION = 5.0;
				TARGETED_DEVICE_FAMILY = "1,2";
			};
			name = Debug;
		};
		026A0EE7267A0F910037A952 /* Release */ = {
			isa = XCBuildConfiguration;
			buildSettings = {
				ASSETCATALOG_COMPILER_GLOBAL_ACCENT_COLOR_NAME = AccentColor;
				ASSETCATALOG_COMPILER_WIDGET_BACKGROUND_COLOR_NAME = WidgetBackground;
				CODE_SIGN_STYLE = Automatic;
				INFOPLIST_FILE = DevoteWidget/Info.plist;
				LD_RUNPATH_SEARCH_PATHS = (
					"$(inherited)",
					"@executable_path/Frameworks",
					"@executable_path/../../Frameworks",
				);
				PRODUCT_BUNDLE_IDENTIFIER = com.ranjanakarsh.Devote.DevoteWidget;
				PRODUCT_NAME = "$(TARGET_NAME)";
				SKIP_INSTALL = YES;
				SWIFT_VERSION = 5.0;
				TARGETED_DEVICE_FAMILY = "1,2";
			};
			name = Release;
		};
/* End XCBuildConfiguration section */

/* Begin XCConfigurationList section */
		02579F162678D297009B8078 /* Build configuration list for PBXProject "Devote" */ = {
			isa = XCConfigurationList;
			buildConfigurations = (
				02579F2D2678D298009B8078 /* Debug */,
				02579F2E2678D298009B8078 /* Release */,
			);
			defaultConfigurationIsVisible = 0;
			defaultConfigurationName = Release;
		};
		02579F2F2678D298009B8078 /* Build configuration list for PBXNativeTarget "Devote" */ = {
			isa = XCConfigurationList;
			buildConfigurations = (
				02579F302678D298009B8078 /* Debug */,
				02579F312678D298009B8078 /* Release */,
			);
			defaultConfigurationIsVisible = 0;
			defaultConfigurationName = Release;
		};
		026A0EE8267A0F910037A952 /* Build configuration list for PBXNativeTarget "DevoteWidgetExtension" */ = {
			isa = XCConfigurationList;
			buildConfigurations = (
				026A0EE6267A0F910037A952 /* Debug */,
				026A0EE7267A0F910037A952 /* Release */,
			);
			defaultConfigurationIsVisible = 0;
			defaultConfigurationName = Release;
		};
/* End XCConfigurationList section */

/* Begin XCVersionGroup section */
		02579F292678D298009B8078 /* Devote.xcdatamodeld */ = {
			isa = XCVersionGroup;
			children = (
				02579F2A2678D298009B8078 /* Devote.xcdatamodel */,
			);
			currentVersion = 02579F2A2678D298009B8078 /* Devote.xcdatamodel */;
			path = Devote.xcdatamodeld;
			sourceTree = "<group>";
			versionGroupType = wrapper.xcdatamodel;
		};
/* End XCVersionGroup section */
	};
	rootObject = 02579F132678D297009B8078 /* Project object */;
}
